
Microsoft Visual Studio Solution File, Format Version 12.00
# Visual Studio Version 16
VisualStudioVersion = 16.0.29709.97
MinimumVisualStudioVersion = 10.0.40219.1
Project("{FAE04EC0-301F-11D3-BF4B-00C04F79EFBC}") = "Paint Program Template", "Paint Program Template\Paint Program Template.csproj", "{FE136658-4109-48B3-A49C-17CB4A0D4ACE}"
EndProject
Global
	GlobalSection(SolutionConfigurationPlatforms) = preSolution
		Debug|Any CPU = Debug|Any CPU
		Release|Any CPU = Release|Any CPU
	EndGlobalSection
	GlobalSection(ProjectConfigurationPlatforms) = postSolution
		{FE136658-4109-48B3-A49C-17CB4A0D4ACE}.Debug|Any CPU.ActiveCfg = Debug|Any CPU
		{FE136658-4109-48B3-A49C-17CB4A0D4ACE}.Debug|Any CPU.Build.0 = Debug|Any CPU
		{FE136658-4109-48B3-A49C-17CB4A0D4ACE}.Release|Any CPU.ActiveCfg = Release|Any CPU
		{FE136658-4109-48B3-A49C-17CB4A0D4ACE}.Release|Any CPU.Build.0 = Release|Any CPU
	EndGlobalSection
	GlobalSection(SolutionProperties) = preSolution
		HideSolutionNode = FALSE
	EndGlobalSection
	GlobalSection(ExtensibilityGlobals) = postSolution
		SolutionGuid = {18D7E626-D66B-4D60-8780-9C018D36BA9F}
	EndGlobalSection
EndGlobal
